
Microsoft Visual Studio Solution File, Format Version 12.00
# Visual Studio Version 17
VisualStudioVersion = 17.6.33829.357
MinimumVisualStudioVersion = 10.0.40219.1
Project("{FAE04EC0-301F-11D3-BF4B-00C04F79EFBC}") = "Pump-on-a-Chip", "Pump-on-a-Chip.csproj", "{A22A1614-FE67-411A-97B1-C523761C9C03}"
EndProject
Global
	GlobalSection(SolutionConfigurationPlatforms) = preSolution
		Debug|Any CPU = Debug|Any CPU
		Release|Any CPU = Release|Any CPU
	EndGlobalSection
	GlobalSection(ProjectConfigurationPlatforms) = postSolution
		{A22A1614-FE67-411A-97B1-C523761C9C03}.Debug|Any CPU.ActiveCfg = Debug|Any CPU
		{A22A1614-FE67-411A-97B1-C523761C9C03}.Debug|Any CPU.Build.0 = Debug|Any CPU
		{A22A1614-FE67-411A-97B1-C523761C9C03}.Release|Any CPU.ActiveCfg = Release|Any CPU
		{A22A1614-FE67-411A-97B1-C523761C9C03}.Release|Any CPU.Build.0 = Release|Any CPU
	EndGlobalSection
	GlobalSection(SolutionProperties) = preSolution
		HideSolutionNode = FALSE
	EndGlobalSection
	GlobalSection(ExtensibilityGlobals) = postSolution
		SolutionGuid = {1B86EF77-CD04-4B8B-BA9F-B66214AD5DCF}
	EndGlobalSection
EndGlobal
